
Microsoft Visual Studio Solution File, Format Version 12.00
# Visual Studio Version 17
VisualStudioVersion = 17.0.31903.59
MinimumVisualStudioVersion = 10.0.40219.1
Project("{2150E333-8FDC-42A3-9474-1A3956D46DE8}") = "src", "src", "{827E0CD3-B72D-47B6-A68D-7590B98EB39B}"
EndProject
Project("{FAE04EC0-301F-11D3-BF4B-00C04F79EFBC}") = "Ols.ControlCenter.Api", "src\Ols.ControlCenter.Api\Ols.ControlCenter.Api.csproj", "{25D7AEEA-7A75-4A84-9F34-1C423EEE420A}"
EndProject
Project("{FAE04EC0-301F-11D3-BF4B-00C04F79EFBC}") = "Ols.ControlCenter.Application", "src\Ols.ControlCenter.Application\Ols.ControlCenter.Application.csproj", "{2D89226F-3753-4323-8F65-0E07B7446EE0}"
EndProject
Project("{FAE04EC0-301F-11D3-BF4B-00C04F79EFBC}") = "Ols.ControlCenter.Domain", "src\Ols.ControlCenter.Domain\Ols.ControlCenter.Domain.csproj", "{0603D767-3624-4036-B0BF-B180539AD70A}"
EndProject
Project("{FAE04EC0-301F-11D3-BF4B-00C04F79EFBC}") = "Ols.ControlCenter.Infrastructure", "src\Ols.ControlCenter.Infrastructure\Ols.ControlCenter.Infrastructure.csproj", "{13079FC4-16CC-4E8A-85E3-8A8754223BD4}"
EndProject
Project("{FAE04EC0-301F-11D3-BF4B-00C04F79EFBC}") = "Ols.ControlCenter.Shared", "src\Ols.ControlCenter.Shared\Ols.ControlCenter.Shared.csproj", "{3FD4BA4E-D524-454C-9BC2-21590CB182F7}"
EndProject
Project("{FAE04EC0-301F-11D3-BF4B-00C04F79EFBC}") = "Ols.ControlCenter.Worker", "src\Ols.ControlCenter.Worker\Ols.ControlCenter.Worker.csproj", "{908DEE40-501B-403E-91C1-8A67D3FE39D3}"
EndProject
Project("{2150E333-8FDC-42A3-9474-1A3956D46DE8}") = "tests", "tests", "{0AB3BF05-4346-4AA6-1389-037BE0695223}"
EndProject
Project("{FAE04EC0-301F-11D3-BF4B-00C04F79EFBC}") = "Ols.ControlCenter.IntegrationTests", "tests\Ols.ControlCenter.IntegrationTests\Ols.ControlCenter.IntegrationTests.csproj", "{57BE03DB-6B67-4B46-8BC0-128858C7909C}"
EndProject
Project("{FAE04EC0-301F-11D3-BF4B-00C04F79EFBC}") = "Ols.ControlCenter.UnitTests", "tests\Ols.ControlCenter.UnitTests\Ols.ControlCenter.UnitTests.csproj", "{80F10F41-6965-4624-8701-A812C6C0CCF8}"
EndProject
Global
	GlobalSection(SolutionConfigurationPlatforms) = preSolution
		Debug|Any CPU = Debug|Any CPU
		Debug|x64 = Debug|x64
		Debug|x86 = Debug|x86
		Release|Any CPU = Release|Any CPU
		Release|x64 = Release|x64
		Release|x86 = Release|x86
	EndGlobalSection
	GlobalSection(ProjectConfigurationPlatforms) = postSolution
		{25D7AEEA-7A75-4A84-9F34-1C423EEE420A}.Debug|Any CPU.ActiveCfg = Debug|Any CPU
		{25D7AEEA-7A75-4A84-9F34-1C423EEE420A}.Debug|Any CPU.Build.0 = Debug|Any CPU
		{25D7AEEA-7A75-4A84-9F34-1C423EEE420A}.Debug|x64.ActiveCfg = Debug|Any CPU
		{25D7AEEA-7A75-4A84-9F34-1C423EEE420A}.Debug|x64.Build.0 = Debug|Any CPU
		{25D7AEEA-7A75-4A84-9F34-1C423EEE420A}.Debug|x86.ActiveCfg = Debug|Any CPU
		{25D7AEEA-7A75-4A84-9F34-1C423EEE420A}.Debug|x86.Build.0 = Debug|Any CPU
		{25D7AEEA-7A75-4A84-9F34-1C423EEE420A}.Release|Any CPU.ActiveCfg = Release|Any CPU
		{25D7AEEA-7A75-4A84-9F34-1C423EEE420A}.Release|Any CPU.Build.0 = Release|Any CPU
		{25D7AEEA-7A75-4A84-9F34-1C423EEE420A}.Release|x64.ActiveCfg = Release|Any CPU
		{25D7AEEA-7A75-4A84-9F34-1C423EEE420A}.Release|x64.Build.0 = Release|Any CPU
		{25D7AEEA-7A75-4A84-9F34-1C423EEE420A}.Release|x86.ActiveCfg = Release|Any CPU
		{25D7AEEA-7A75-4A84-9F34-1C423EEE420A}.Release|x86.Build.0 = Release|Any CPU
		{2D89226F-3753-4323-8F65-0E07B7446EE0}.Debug|Any CPU.ActiveCfg = Debug|Any CPU
		{2D89226F-3753-4323-8F65-0E07B7446EE0}.Debug|Any CPU.Build.0 = Debug|Any CPU
		{2D89226F-3753-4323-8F65-0E07B7446EE0}.Debug|x64.ActiveCfg = Debug|Any CPU
		{2D89226F-3753-4323-8F65-0E07B7446EE0}.Debug|x64.Build.0 = Debug|Any CPU
		{2D89226F-3753-4323-8F65-0E07B7446EE0}.Debug|x86.ActiveCfg = Debug|Any CPU
		{2D89226F-3753-4323-8F65-0E07B7446EE0}.Debug|x86.Build.0 = Debug|Any CPU
		{2D89226F-3753-4323-8F65-0E07B7446EE0}.Release|Any CPU.ActiveCfg = Release|Any CPU
		{2D89226F-3753-4323-8F65-0E07B7446EE0}.Release|Any CPU.Build.0 = Release|Any CPU
		{2D89226F-3753-4323-8F65-0E07B7446EE0}.Release|x64.ActiveCfg = Release|Any CPU
		{2D89226F-3753-4323-8F65-0E07B7446EE0}.Release|x64.Build.0 = Release|Any CPU
		{2D89226F-3753-4323-8F65-0E07B7446EE0}.Release|x86.ActiveCfg = Release|Any CPU
		{2D89226F-3753-4323-8F65-0E07B7446EE0}.Release|x86.Build.0 = Release|Any CPU
		{0603D767-3624-4036-B0BF-B180539AD70A}.Debug|Any CPU.ActiveCfg = Debug|Any CPU
		{0603D767-3624-4036-B0BF-B180539AD70A}.Debug|Any CPU.Build.0 = Debug|Any CPU
		{0603D767-3624-4036-B0BF-B180539AD70A}.Debug|x64.ActiveCfg = Debug|Any CPU
		{0603D767-3624-4036-B0BF-B180539AD70A}.Debug|x64.Build.0 = Debug|Any CPU
		{0603D767-3624-4036-B0BF-B180539AD70A}.Debug|x86.ActiveCfg = Debug|Any CPU
		{0603D767-3624-4036-B0BF-B180539AD70A}.Debug|x86.Build.0 = Debug|Any CPU
		{0603D767-3624-4036-B0BF-B180539AD70A}.Release|Any CPU.ActiveCfg = Release|Any CPU
		{0603D767-3624-4036-B0BF-B180539AD70A}.Release|Any CPU.Build.0 = Release|Any CPU
		{0603D767-3624-4036-B0BF-B180539AD70A}.Release|x64.ActiveCfg = Release|Any CPU
		{0603D767-3624-4036-B0BF-B180539AD70A}.Release|x64.Build.0 = Release|Any CPU
		{0603D767-3624-4036-B0BF-B180539AD70A}.Release|x86.ActiveCfg = Release|Any CPU
		{0603D767-3624-4036-B0BF-B180539AD70A}.Release|x86.Build.0 = Release|Any CPU
		{13079FC4-16CC-4E8A-85E3-8A8754223BD4}.Debug|Any CPU.ActiveCfg = Debug|Any CPU
		{13079FC4-16CC-4E8A-85E3-8A8754223BD4}.Debug|Any CPU.Build.0 = Debug|Any CPU
		{13079FC4-16CC-4E8A-85E3-8A8754223BD4}.Debug|x64.ActiveCfg = Debug|Any CPU
		{13079FC4-16CC-4E8A-85E3-8A8754223BD4}.Debug|x64.Build.0 = Debug|Any CPU
		{13079FC4-16CC-4E8A-85E3-8A8754223BD4}.Debug|x86.ActiveCfg = Debug|Any CPU
		{13079FC4-16CC-4E8A-85E3-8A8754223BD4}.Debug|x86.Build.0 = Debug|Any CPU
		{13079FC4-16CC-4E8A-85E3-8A8754223BD4}.Release|Any CPU.ActiveCfg = Release|Any CPU
		{13079FC4-16CC-4E8A-85E3-8A8754223BD4}.Release|Any CPU.Build.0 = Release|Any CPU
		{13079FC4-16CC-4E8A-85E3-8A8754223BD4}.Release|x64.ActiveCfg = Release|Any CPU
		{13079FC4-16CC-4E8A-85E3-8A8754223BD4}.Release|x64.Build.0 = Release|Any CPU
		{13079FC4-16CC-4E8A-85E3-8A8754223BD4}.Release|x86.ActiveCfg = Release|Any CPU
		{13079FC4-16CC-4E8A-85E3-8A8754223BD4}.Release|x86.Build.0 = Release|Any CPU
		{3FD4BA4E-D524-454C-9BC2-21590CB182F7}.Debug|Any CPU.ActiveCfg = Debug|Any CPU
		{3FD4BA4E-D524-454C-9BC2-21590CB182F7}.Debug|Any CPU.Build.0 = Debug|Any CPU
		{3FD4BA4E-D524-454C-9BC2-21590CB182F7}.Debug|x64.ActiveCfg = Debug|Any CPU
		{3FD4BA4E-D524-454C-9BC2-21590CB182F7}.Debug|x64.Build.0 = Debug|Any CPU
		{3FD4BA4E-D524-454C-9BC2-21590CB182F7}.Debug|x86.ActiveCfg = Debug|Any CPU
		{3FD4BA4E-D524-454C-9BC2-21590CB182F7}.Debug|x86.Build.0 = Debug|Any CPU
		{3FD4BA4E-D524-454C-9BC2-21590CB182F7}.Release|Any CPU.ActiveCfg = Release|Any CPU
		{3FD4BA4E-D524-454C-9BC2-21590CB182F7}.Release|Any CPU.Build.0 = Release|Any CPU
		{3FD4BA4E-D524-454C-9BC2-21590CB182F7}.Release|x64.ActiveCfg = Release|Any CPU
		{3FD4BA4E-D524-454C-9BC2-21590CB182F7}.Release|x64.Build.0 = Release|Any CPU
		{3FD4BA4E-D524-454C-9BC2-21590CB182F7}.Release|x86.ActiveCfg = Release|Any CPU
		{3FD4BA4E-D524-454C-9BC2-21590CB182F7}.Release|x86.Build.0 = Release|Any CPU
		{908DEE40-501B-403E-91C1-8A67D3FE39D3}.Debug|Any CPU.ActiveCfg = Debug|Any CPU
		{908DEE40-501B-403E-91C1-8A67D3FE39D3}.Debug|Any CPU.Build.0 = Debug|Any CPU
		{908DEE40-501B-403E-91C1-8A67D3FE39D3}.Debug|x64.ActiveCfg = Debug|Any CPU
		{908DEE40-501B-403E-91C1-8A67D3FE39D3}.Debug|x64.Build.0 = Debug|Any CPU
		{908DEE40-501B-403E-91C1-8A67D3FE39D3}.Debug|x86.ActiveCfg = Debug|Any CPU
		{908DEE40-501B-403E-91C1-8A67D3FE39D3}.Debug|x86.Build.0 = Debug|Any CPU
		{908DEE40-501B-403E-91C1-8A67D3FE39D3}.Release|Any CPU.ActiveCfg = Release|Any CPU
		{908DEE40-501B-403E-91C1-8A67D3FE39D3}.Release|Any CPU.Build.0 = Release|Any CPU
		{908DEE40-501B-403E-91C1-8A67D3FE39D3}.Release|x64.ActiveCfg = Release|Any CPU
		{908DEE40-501B-403E-91C1-8A67D3FE39D3}.Release|x64.Build.0 = Release|Any CPU
		{908DEE40-501B-403E-91C1-8A67D3FE39D3}.Release|x86.ActiveCfg = Release|Any CPU
		{908DEE40-501B-403E-91C1-8A67D3FE39D3}.Release|x86.Build.0 = Release|Any CPU
		{57BE03DB-6B67-4B46-8BC0-128858C7909C}.Debug|Any CPU.ActiveCfg = Debug|Any CPU
		{57BE03DB-6B67-4B46-8BC0-128858C7909C}.Debug|Any CPU.Build.0 = Debug|Any CPU
		{57BE03DB-6B67-4B46-8BC0-128858C7909C}.Debug|x64.ActiveCfg = Debug|Any CPU
		{57BE03DB-6B67-4B46-8BC0-128858C7909C}.Debug|x64.Build.0 = Debug|Any CPU
		{57BE03DB-6B67-4B46-8BC0-128858C7909C}.Debug|x86.ActiveCfg = Debug|Any CPU
		{57BE03DB-6B67-4B46-8BC0-128858C7909C}.Debug|x86.Build.0 = Debug|Any CPU
		{57BE03DB-6B67-4B46-8BC0-128858C7909C}.Release|Any CPU.ActiveCfg = Release|Any CPU
		{57BE03DB-6B67-4B46-8BC0-128858C7909C}.Release|Any CPU.Build.0 = Release|Any CPU
		{57BE03DB-6B67-4B46-8BC0-128858C7909C}.Release|x64.ActiveCfg = Release|Any CPU
		{57BE03DB-6B67-4B46-8BC0-128858C7909C}.Release|x64.Build.0 = Release|Any CPU
		{57BE03DB-6B67-4B46-8BC0-128858C7909C}.Release|x86.ActiveCfg = Release|Any CPU
		{57BE03DB-6B67-4B46-8BC0-128858C7909C}.Release|x86.Build.0 = Release|Any CPU
		{80F10F41-6965-4624-8701-A812C6C0CCF8}.Debug|Any CPU.ActiveCfg = Debug|Any CPU
		{80F10F41-6965-4624-8701-A812C6C0CCF8}.Debug|Any CPU.Build.0 = Debug|Any CPU
		{80F10F41-6965-4624-8701-A812C6C0CCF8}.Debug|x64.ActiveCfg = Debug|Any CPU
		{80F10F41-6965-4624-8701-A812C6C0CCF8}.Debug|x64.Build.0 = Debug|Any CPU
		{80F10F41-6965-4624-8701-A812C6C0CCF8}.Debug|x86.ActiveCfg = Debug|Any CPU
		{80F10F41-6965-4624-8701-A812C6C0CCF8}.Debug|x86.Build.0 = Debug|Any CPU
		{80F10F41-6965-4624-8701-A812C6C0CCF8}.Release|Any CPU.ActiveCfg = Release|Any CPU
		{80F10F41-6965-4624-8701-A812C6C0CCF8}.Release|Any CPU.Build.0 = Release|Any CPU
		{80F10F41-6965-4624-8701-A812C6C0CCF8}.Release|x64.ActiveCfg = Release|Any CPU
		{80F10F41-6965-4624-8701-A812C6C0CCF8}.Release|x64.Build.0 = Release|Any CPU
		{80F10F41-6965-4624-8701-A812C6C0CCF8}.Release|x86.ActiveCfg = Release|Any CPU
		{80F10F41-6965-4624-8701-A812C6C0CCF8}.Release|x86.Build.0 = Release|Any CPU
	EndGlobalSection
	GlobalSection(SolutionProperties) = preSolution
		HideSolutionNode = FALSE
	EndGlobalSection
	GlobalSection(NestedProjects) = preSolution
		{25D7AEEA-7A75-4A84-9F34-1C423EEE420A} = {827E0CD3-B72D-47B6-A68D-7590B98EB39B}
		{2D89226F-3753-4323-8F65-0E07B7446EE0} = {827E0CD3-B72D-47B6-A68D-7590B98EB39B}
		{0603D767-3624-4036-B0BF-B180539AD70A} = {827E0CD3-B72D-47B6-A68D-7590B98EB39B}
		{13079FC4-16CC-4E8A-85E3-8A8754223BD4} = {827E0CD3-B72D-47B6-A68D-7590B98EB39B}
		{3FD4BA4E-D524-454C-9BC2-21590CB182F7} = {827E0CD3-B72D-47B6-A68D-7590B98EB39B}
		{908DEE40-501B-403E-91C1-8A67D3FE39D3} = {827E0CD3-B72D-47B6-A68D-7590B98EB39B}
		{57BE03DB-6B67-4B46-8BC0-128858C7909C} = {0AB3BF05-4346-4AA6-1389-037BE0695223}
		{80F10F41-6965-4624-8701-A812C6C0CCF8} = {0AB3BF05-4346-4AA6-1389-037BE0695223}
	EndGlobalSection
EndGlobal
